github.com/parys410/warungku v0.0.2 h1:XwHQ5WIEG7N0eSmNmWjX1rzIHiFqgNixd1v/l6141tw=
github.com/parys410/warungku v0.0.2/go.mod h1:swHvHJPiuFbVK/FOAz6NJ0iFamvCdS7SohsP1qp3ji4=
github.com/parys410/warungku v0.0.3 h1:2xxmh99ucwNw9g0sUvTH17Rb1OYH71MoqETDPjTA7n0=
github.com/parys410/warungku v0.0.3/go.mod h1:swHvHJPiuFbVK/FOAz6NJ0iFamvCdS7SohsP1qp3ji4=
github.com/parys410/warungku v0.0.4 h1:T8HK824hQYGaXa+bNV6qdrrXGpmHe/YYZcIIo68gDvA=
github.com/parys410/warungku v0.0.4/go.mod h1:swHvHJPiuFbVK/FOAz6NJ0iFamvCdS7SohsP1qp3ji4=
github.com/parys410/warungku v0.0.5 h1:bAT5qO9OUInZQqeLZyW5KmfxU3EbXZg1QS7iJkAbEOk=
github.com/parys410/warungku v0.0.5/go.mod h1:swHvHJPiuFbVK/FOAz6NJ0iFamvCdS7SohsP1qp3ji4=
github.com/parys410/warungku v0.0.6 h1:kormJ/XhQZFJukL3Tj3NGvw05hgUuDo2gnYSlZpz7Mw=
github.com/parys410/warungku v0.0.6/go.mod h1:swHvHJPiuFbVK/FOAz6NJ0iFamvCdS7SohsP1qp3ji4=
github.com/parys410/warungku v0.0.7 h1:qyqSlaxhlzD59yaoN9G17T0khbiCDJ+w/VGAaU2hGsw=
github.com/parys410/warungku v0.0.7/go.mod h1:37nBsw+7yQtr5I/Z3+xXHy62L2Qr3f0Bl6jxT5pGUKk=
